// !$*UTF8*$!
{
	archiveVersion = 1;
	classes = {
	};
	objectVersion = 46;
	objects = {

/* Begin PBXBuildFile section */
		DAFB96831C48BAC10010DE3C /* AppDelegate.swift in Sources */ = {isa = PBXBuildFile; fileRef = DAFB96821C48BAC10010DE3C /* AppDelegate.swift */; };
		DAFB96851C48BAC10010DE3C /* ViewController.swift in Sources */ = {isa = PBXBuildFile; fileRef = DAFB96841C48BAC10010DE3C /* ViewController.swift */; };
		DAFB96881C48BAC10010DE3C /* Main.storyboard in Resources */ = {isa = PBXBuildFile; fileRef = DAFB96861C48BAC10010DE3C /* Main.storyboard */; };
		DAFB968A1C48BAC10010DE3C /* Assets.xcassets in Resources */ = {isa = PBXBuildFile; fileRef = DAFB96891C48BAC10010DE3C /* Assets.xcassets */; };
		DAFB968D1C48BAC10010DE3C /* LaunchScreen.storyboard in Resources */ = {isa = PBXBuildFile; fileRef = DAFB968B1C48BAC10010DE3C /* LaunchScreen.storyboard */; };
/* End PBXBuildFile section */

/* Begin PBXFileReference section */
		DAFB967F1C48BAC10010DE3C /* caddyshack-quoter.app */ = {isa = PBXFileReference; explicitFileType = wrapper.application; includeInIndex = 0; path = "caddyshack-quoter.app"; sourceTree = BUILT_PRODUCTS_DIR; };
		DAFB96821C48BAC10010DE3C /* AppDelegate.swift */ = {isa = PBXFileReference; lastKnownFileType = sourcecode.swift; path = AppDelegate.swift; sourceTree = "<group>"; };
		DAFB96841C48BAC10010DE3C /* ViewController.swift */ = {isa = PBXFileReference; lastKnownFileType = sourcecode.swift; path = ViewController.swift; sourceTree = "<group>"; };
		DAFB96871C48BAC10010DE3C /* Base */ = {isa = PBXFileReference; lastKnownFileType = file.storyboard; name = Base; path = Base.lproj/Main.storyboard; sourceTree = "<group>"; };
		DAFB96891C48BAC10010DE3C /* Assets.xcassets */ = {isa = PBXFileReference; lastKnownFileType = folder.assetcatalog; path = Assets.xcassets; sourceTree = "<group>"; };
		DAFB968C1C48BAC10010DE3C /* Base */ = {isa = PBXFileReference; lastKnownFileType = file.storyboard; name = Base; path = Base.lproj/LaunchScreen.storyboard; sourceTree = "<group>"; };
		DAFB968E1C48BAC10010DE3C /* Info.plist */ = {isa = PBXFileReference; lastKnownFileType = text.plist.xml; path = Info.plist; sourceTree = "<group>"; };
/* End PBXFileReference section */

/* Begin PBXFrameworksBuildPhase section */
		DAFB967C1C48BAC10010DE3C /* Frameworks */ = {
			isa = PBXFrameworksBuildPhase;
			buildActionMask = 2147483647;
			files = (
			);
			runOnlyForDeploymentPostprocessing = 0;
		};
/* End PBXFrameworksBuildPhase section */

/* Begin PBXGroup section */
		DAFB96761C48BAC10010DE3C = {
			isa = PBXGroup;
			children = (
				DAFB96811C48BAC10010DE3C /* caddyshack-quoter */,
				DAFB96801C48BAC10010DE3C /* Products */,
			);
			sourceTree = "<group>";
		};
		DAFB96801C48BAC10010DE3C /* Products */ = {
			isa = PBXGroup;
			children = (
				DAFB967F1C48BAC10010DE3C /* caddyshack-quoter.app */,
			);
			name = Products;
			sourceTree = "<group>";
		};
		DAFB96811C48BAC10010DE3C /* caddyshack-quoter */ = {
			isa = PBXGroup;
			children = (
				DAFB96821C48BAC10010DE3C /* AppDelegate.swift */,
				DAFB96841C48BAC10010DE3C /* ViewController.swift */,
				DAFB96861C48BAC10010DE3C /* Main.storyboard */,
				DAFB96891C48BAC10010DE3C /* Assets.xcassets */,
				DAFB968B1C48BAC10010DE3C /* LaunchScreen.storyboard */,
				DAFB968E1C48BAC10010DE3C /* Info.plist */,
			);
			path = "caddyshack-quoter";
			sourceTree = "<group>";
		};
/* End PBXGroup section */

/* Begin PBXNativeTarget section */
		DAFB967E1C48BAC10010DE3C /* caddyshack-quoter */ = {
			isa = PBXNativeTarget;
			buildConfigurationList = DAFB96911C48BAC10010DE3C /* Build configuration list for PBXNativeTarget "caddyshack-quoter" */;
			buildPhases = (
				DAFB967B1C48BAC10010DE3C /* Sources */,
				DAFB967C1C48BAC10010DE3C /* Frameworks */,
				DAFB967D1C48BAC10010DE3C /* Resources */,
			);
			buildRules = (
			);
			dependencies = (
			);
			name = "caddyshack-quoter";
			productName = "caddyshack-quoter";
			productReference = DAFB967F1C48BAC10010DE3C /* caddyshack-quoter.app */;
			productType = "com.apple.product-type.application";
		};
/* End PBXNativeTarget section */

/* Begin PBXProject section */
		DAFB96771C48BAC10010DE3C /* Project object */ = {
			isa = PBXProject;
			attributes = {
				LastSwiftUpdateCheck = 0720;
				LastUpgradeCheck = 0720;
				ORGANIZATIONNAME = "SEAN HAUGHEY";
				TargetAttributes = {
					DAFB967E1C48BAC10010DE3C = {
						CreatedOnToolsVersion = 7.2;
						DevelopmentTeam = 7P7NE7K2V9;
					};
				};
			};
			buildConfigurationList = DAFB967A1C48BAC10010DE3C /* Build configuration list for PBXProject "caddyshack-quoter" */;
			compatibilityVersion = "Xcode 3.2";
			developmentRegion = English;
			hasScannedForEncodings = 0;
			knownRegions = (
				en,
				Base,
			);
			mainGroup = DAFB96761C48BAC10010DE3C;
			productRefGroup = DAFB96801C48BAC10010DE3C /* Products */;
			projectDirPath = "";
			projectRoot = "";
			targets = (
				DAFB967E1C48BAC10010DE3C /* caddyshack-quoter */,
			);
		};
/* End PBXProject section */

/* Begin PBXResourcesBuildPhase section */
		DAFB967D1C48BAC10010DE3C /* Resources */ = {
			isa = PBXResourcesBuildPhase;
			buildActionMask = 2147483647;
			files = (
				DAFB968D1C48BAC10010DE3C /* LaunchScreen.storyboard in Resources */,
				DAFB968A1C48BAC10010DE3C /* Assets.xcassets in Resources */,
				DAFB96881C48BAC10010DE3C /* Main.storyboard in Resources */,
			);
			runOnlyForDeploymentPostprocessing = 0;
		};
/* End PBXResourcesBuildPhase section */

/* Begin PBXSourcesBuildPhase section */
		DAFB967B1C48BAC10010DE3C /* Sources */ = {
			isa = PBXSourcesBuildPhase;
			buildActionMask = 2147483647;
			files = (
				DAFB96851C48BAC10010DE3C /* ViewController.swift in Sources */,
				DAFB96831C48BAC10010DE3C /* AppDelegate.swift in Sources */,
			);
			runOnlyForDeploymentPostprocessing = 0;
		};
/* End PBXSourcesBuildPhase section */

/* Begin PBXVariantGroup section */
		DAFB96861C48BAC10010DE3C /* Main.storyboard */ = {
			isa = PBXVariantGroup;
			children = (
				DAFB96871C48BAC10010DE3C /* Base */,
			);
			name = Main.storyboard;
			sourceTree = "<group>";
		};
		DAFB968B1C48BAC10010DE3C /* LaunchScreen.storyboard */ = {
			isa = PBXVariantGroup;
			children = (
				DAFB968C1C48BAC10010DE3C /* Base */,
			);
			name = LaunchScreen.storyboard;
			sourceTree = "<group>";
		};
/* End PBXVariantGroup section */

/* Begin XCBuildConfiguration section */
		DAFB968F1C48BAC10010DE3C /* Debug */ = {
			isa = XCBuildConfiguration;
			buildSettings = {
				ALWAYS_SEARCH_USER_PATHS = NO;
				CLANG_CXX_LANGUAGE_STANDARD = "gnu++0x";
				CLANG_CXX_LIBRARY = "libc++";
				CLANG_ENABLE_MODULES = YES;
				CLANG_ENABLE_OBJC_ARC = YES;
				CLANG_WARN_BOOL_CONVERSION = YES;
				CLANG_WARN_CONSTANT_CONVERSION = YES;
				CLANG_WARN_DIRECT_OBJC_ISA_USAGE = YES_ERROR;
				CLANG_WARN_EMPTY_BODY = YES;
				CLANG_WARN_ENUM_CONVERSION = YES;
				CLANG_WARN_INT_CONVERSION = YES;
				CLANG_WARN_OBJC_ROOT_CLASS = YES_ERROR;
				CLANG_WARN_UNREACHABLE_CODE = YES;
				CLANG_WARN__DUPLICATE_METHOD_MATCH = YES;
				"CODE_SIGN_IDENTITY[sdk=iphoneos*]" = "iPhone Developer";
				COPY_PHASE_STRIP = NO;
				DEBUG_INFORMATION_FORMAT = dwarf;
				ENABLE_STRICT_OBJC_MSGSEND = YES;
				ENABLE_TESTABILITY = YES;
				GCC_C_LANGUAGE_STANDARD = gnu99;
				GCC_DYNAMIC_NO_PIC = NO;
				GCC_NO_COMMON_BLOCKS = YES;
				GCC_OPTIMIZATION_LEVEL = 0;
				GCC_PREPROCESSOR_DEFINITIONS = (
					"DEBUG=1",
					"$(inherited)",
				);
				GCC_WARN_64_TO_32_BIT_CONVERSION = YES;
				GCC_WARN_ABOUT_RETURN_TYPE = YES_ERROR;
				GCC_WARN_UNDECLARED_SELECTOR = YES;
				GCC_WARN_UNINITIALIZED_AUTOS = YES_AGGRESSIVE;
				GCC_WARN_UNUSED_FUNCTION = YES;
				GCC_WARN_UNUSED_VARIABLE = YES;
				IPHONEOS_DEPLOYMENT_TARGET = 9.2;
				MTL_ENABLE_DEBUG_INFO = YES;
				ONLY_ACTIVE_ARCH = YES;
				SDKROOT = iphoneos;
				SWIFT_OPTIMIZATION_LEVEL = "-Onone";
			};
			name = Debug;
		};
		DAFB96901C48BAC10010DE3C /* Release */ = {
			isa = XCBuildConfiguration;
			buildSettings = {
				ALWAYS_SEARCH_USER_PATHS = NO;
				CLANG_CXX_LANGUAGE_STANDARD = "gnu++0x";
				CLANG_CXX_LIBRARY = "libc++";
				CLANG_ENABLE_MODULES = YES;
				CLANG_ENABLE_OBJC_ARC = YES;
				CLANG_WARN_BOOL_CONVERSION = YES;
				CLANG_WARN_CONSTANT_CONVERSION = YES;
				CLANG_WARN_DIRECT_OBJC_ISA_USAGE = YES_ERROR;
				CLANG_WARN_EMPTY_BODY = YES;
				CLANG_WARN_ENUM_CONVERSION = YES;
				CLANG_WARN_INT_CONVERSION = YES;
				CLANG_WARN_OBJC_ROOT_CLASS = YES_ERROR;
				CLANG_WARN_UNREACHABLE_CODE = YES;
				CLANG_WARN__DUPLICATE_METHOD_MATCH = YES;
				"CODE_SIGN_IDENTITY[sdk=iphoneos*]" = "iPhone Developer";
				COPY_PHASE_STRIP = NO;
				DEBUG_INFORMATION_FORMAT = "dwarf-with-dsym";
				ENABLE_NS_ASSERTIONS = NO;
				ENABLE_STRICT_OBJC_MSGSEND = YES;
				GCC_C_LANGUAGE_STANDARD = gnu99;
				GCC_NO_COMMON_BLOCKS = YES;
				GCC_WARN_64_TO_32_BIT_CONVERSION = YES;
				GCC_WARN_ABOUT_RETURN_TYPE = YES_ERROR;
				GCC_WARN_UNDECLARED_SELECTOR = YES;
				GCC_WARN_UNINITIALIZED_AUTOS = YES_AGGRESSIVE;
				GCC_WARN_UNUSED_FUNCTION = YES;
				GCC_WARN_UNUSED_VARIABLE = YES;
				IPHONEOS_DEPLOYMENT_TARGET = 9.2;
				MTL_ENABLE_DEBUG_INFO = NO;
				SDKROOT = iphoneos;
				VALIDATE_PRODUCT = YES;
			};
			name = Release;
		};
		DAFB96921C48BAC10010DE3C /* Debug */ = {
			isa = XCBuildConfiguration;
			buildSettings = {
				ASSETCATALOG_COMPILER_APPICON_NAME = AppIcon;
				INFOPLIST_FILE = "caddyshack-quoter/Info.plist";
				LD_RUNPATH_SEARCH_PATHS = "$(inherited) @executable_path/Frameworks";
				PRODUCT_BUNDLE_IDENTIFIER = "com.seanhaughey.caddyshack-quoter";
				PRODUCT_NAME = "$(TARGET_NAME)";
			};
			name = Debug;
		};
		DAFB96931C48BAC10010DE3C /* Release */ = {
			isa = XCBuildConfiguration;
			buildSettings = {
				ASSETCATALOG_COMPILER_APPICON_NAME = AppIcon;
				INFOPLIST_FILE = "caddyshack-quoter/Info.plist";
				LD_RUNPATH_SEARCH_PATHS = "$(inherited) @executable_path/Frameworks";
				PRODUCT_BUNDLE_IDENTIFIER = "com.seanhaughey.caddyshack-quoter";
				PRODUCT_NAME = "$(TARGET_NAME)";
			};
			name = Release;
		};
/* End XCBuildConfiguration section */

/* Begin XCConfigurationList section */
		DAFB967A1C48BAC10010DE3C /* Build configuration list for PBXProject "caddyshack-quoter" */ = {
			isa = XCConfigurationList;
			buildConfigurations = (
				DAFB968F1C48BAC10010DE3C /* Debug */,
				DAFB96901C48BAC10010DE3C /* Release */,
			);
			defaultConfigurationIsVisible = 0;
			defaultConfigurationName = Release;
		};
		DAFB96911C48BAC10010DE3C /* Build configuration list for PBXNativeTarget "caddyshack-quoter" */ = {
			isa = XCConfigurationList;
			buildConfigurations = (
				DAFB96921C48BAC10010DE3C /* Debug */,
				DAFB96931C48BAC10010DE3C /* Release */,
			);
			defaultConfigurationIsVisible = 0;
		};
/* End XCConfigurationList section */
	};
	rootObject = DAFB96771C48BAC10010DE3C /* Project object */;
}
